
Microsoft Visual Studio Solution File, Format Version 12.00
# Visual Studio 15
VisualStudioVersion = 15.0.28307.489
MinimumVisualStudioVersion = 10.0.40219.1
Project("{FAE04EC0-301F-11D3-BF4B-00C04F79EFBC}") = "g2", "g2.csproj", "{929AE1A0-A645-4114-90B1-7125B18097AE}"
EndProject
Global
	GlobalSection(SolutionConfigurationPlatforms) = preSolution
		Debug|Any CPU = Debug|Any CPU
		Release|Any CPU = Release|Any CPU
	EndGlobalSection
	GlobalSection(ProjectConfigurationPlatforms) = postSolution
		{929AE1A0-A645-4114-90B1-7125B18097AE}.Debug|Any CPU.ActiveCfg = Debug|Any CPU
		{929AE1A0-A645-4114-90B1-7125B18097AE}.Debug|Any CPU.Build.0 = Debug|Any CPU
		{929AE1A0-A645-4114-90B1-7125B18097AE}.Release|Any CPU.ActiveCfg = Release|Any CPU
		{929AE1A0-A645-4114-90B1-7125B18097AE}.Release|Any CPU.Build.0 = Release|Any CPU
	EndGlobalSection
	GlobalSection(SolutionProperties) = preSolution
		HideSolutionNode = FALSE
	EndGlobalSection
	GlobalSection(ExtensibilityGlobals) = postSolution
		SolutionGuid = {5FFABB67-0067-45F4-92EB-BB71FC83C3A8}
	EndGlobalSection
EndGlobal
