
Microsoft Visual Studio Solution File, Format Version 12.00
# Visual Studio 15
VisualStudioVersion = 15.0.28307.489
MinimumVisualStudioVersion = 10.0.40219.1
Project("{FAE04EC0-301F-11D3-BF4B-00C04F79EFBC}") = "Gravity-games-3.0", "Gravity-games-3.0.csproj", "{7B753F68-7E1F-4AAA-AA4C-316A03C0432D}"
EndProject
Global
	GlobalSection(SolutionConfigurationPlatforms) = preSolution
		Debug|Any CPU = Debug|Any CPU
		Release|Any CPU = Release|Any CPU
	EndGlobalSection
	GlobalSection(ProjectConfigurationPlatforms) = postSolution
		{7B753F68-7E1F-4AAA-AA4C-316A03C0432D}.Debug|Any CPU.ActiveCfg = Debug|Any CPU
		{7B753F68-7E1F-4AAA-AA4C-316A03C0432D}.Debug|Any CPU.Build.0 = Debug|Any CPU
		{7B753F68-7E1F-4AAA-AA4C-316A03C0432D}.Release|Any CPU.ActiveCfg = Release|Any CPU
		{7B753F68-7E1F-4AAA-AA4C-316A03C0432D}.Release|Any CPU.Build.0 = Release|Any CPU
	EndGlobalSection
	GlobalSection(SolutionProperties) = preSolution
		HideSolutionNode = FALSE
	EndGlobalSection
	GlobalSection(ExtensibilityGlobals) = postSolution
		SolutionGuid = {97D2BF61-AE13-42A3-8805-16B312250618}
	EndGlobalSection
EndGlobal
